
Microsoft Visual Studio Solution File, Format Version 12.00
# Visual Studio Version 17
VisualStudioVersion = 17.11.35327.3
MinimumVisualStudioVersion = 10.0.40219.1
Project("{9A19103F-16F7-4668-BE54-9A1E7A4F7556}") = "MOSTComputers.Models.Product", "MOSTComputers.Models.Product\MOSTComputers.Models.Product.csproj", "{F06439F0-8312-46EF-8F5B-232640197E72}"
EndProject
Project("{9A19103F-16F7-4668-BE54-9A1E7A4F7556}") = "MOSTComputers.Models.FileManagement", "MOSTComputers.Models.FileManagement\MOSTComputers.Models.FileManagement.csproj", "{84999F4D-1DEA-417B-8029-F1737935E465}"
EndProject
Project("{9A19103F-16F7-4668-BE54-9A1E7A4F7556}") = "MOSTComputers.Services.Caching", "MOSTComputers.Services.Caching\MOSTComputers.Services.Caching.csproj", "{322F508C-B4B0-4457-B4A7-B597D27C3276}"
EndProject
Project("{9A19103F-16F7-4668-BE54-9A1E7A4F7556}") = "MOSTComputers.Services.DataAccess.Common", "MOSTComputers.Services.DataAccess.Common\MOSTComputers.Services.DataAccess.Common.csproj", "{27372423-A2E3-4612-AC75-567ECEC457D5}"
EndProject
Project("{9A19103F-16F7-4668-BE54-9A1E7A4F7556}") = "MOSTComputers.Services.DataAccess.Documents", "MOSTComputers.Services.DataAccess.Documents\MOSTComputers.Services.DataAccess.Documents.csproj", "{204C380E-89D5-4F55-8EA2-3BE2546F5ECC}"
EndProject
Project("{9A19103F-16F7-4668-BE54-9A1E7A4F7556}") = "MOSTComputers.Services.DataAccess.Products", "MOSTComputers.Services.DataAccess.Products\MOSTComputers.Services.DataAccess.Products.csproj", "{33604BA3-1A24-49A3-AD99-EF2FA0FC974D}"
EndProject
Project("{9A19103F-16F7-4668-BE54-9A1E7A4F7556}") = "MOSTComputers.Services.HTMLAndXMLDataOperations", "MOSTComputers.Services.HTMLAndXMLDataOperations\MOSTComputers.Services.HTMLAndXMLDataOperations.csproj", "{F4AFD069-CA56-4F6D-B3A0-E1E06A4BFE1E}"
EndProject
Project("{9A19103F-16F7-4668-BE54-9A1E7A4F7556}") = "MOSTComputers.Services.Identity", "MOSTComputers.Services.Identity\MOSTComputers.Services.Identity.csproj", "{44C81342-38B5-4640-93C3-7DBABE2C0C64}"
EndProject
Project("{9A19103F-16F7-4668-BE54-9A1E7A4F7556}") = "MOSTComputers.Services.PDF", "MOSTComputers.Services.PDF\MOSTComputers.Services.PDF.csproj", "{1C4017A8-6A57-45FC-B19F-24C1297DA421}"
EndProject
Project("{9A19103F-16F7-4668-BE54-9A1E7A4F7556}") = "MOSTComputers.Services.PDF.Tests.Integration", "MOSTComputers.Services.PDF.Tests.Integration\MOSTComputers.Services.PDF.Tests.Integration.csproj", "{678C6B23-C344-43D6-A78B-6D3F317B59AD}"
EndProject
Project("{9A19103F-16F7-4668-BE54-9A1E7A4F7556}") = "MOSTComputers.Services.ProductImageFileManagement", "MOSTComputers.Services.ProductImageFileManagement\MOSTComputers.Services.ProductImageFileManagement.csproj", "{9A717C09-14BE-4DB0-AB6A-A2BE7A0590CA}"
EndProject
Project("{9A19103F-16F7-4668-BE54-9A1E7A4F7556}") = "MOSTComputers.Services.ProductRegister", "MOSTComputers.Services.ProductRegister\MOSTComputers.Services.ProductRegister.csproj", "{917732A0-E7BB-4480-8CA7-F57B3BEE01F9}"
EndProject
Project("{9A19103F-16F7-4668-BE54-9A1E7A4F7556}") = "MOSTComputers.Services.SearchStringOrigin", "MOSTComputers.Services.SearchStringOrigin\MOSTComputers.Services.SearchStringOrigin.csproj", "{6E1893CB-C948-4CD3-91F2-6053B44ADE8B}"
EndProject
Project("{9A19103F-16F7-4668-BE54-9A1E7A4F7556}") = "MOSTComputers.UI.Web", "MOSTComputers.UI.Web\MOSTComputers.UI.Web.csproj", "{1E08174D-4BF5-4A97-AF1C-4ABD2FF34D19}"
EndProject
Project("{9A19103F-16F7-4668-BE54-9A1E7A4F7556}") = "MOSTComputers.Services.ProductRegister.Tests.Integration", "MOSTComputers.Services.ProductRegister.Tests.Integration\MOSTComputers.Services.ProductRegister.Tests.Integration.csproj", "{AD16B6A3-14A0-488D-9CE2-91DD37B7FA53}"
EndProject
Project("{9A19103F-16F7-4668-BE54-9A1E7A4F7556}") = "MOSTComputers.Services.PromotionFileManagement", "MOSTComputers.Services.PromotionFileManagement\MOSTComputers.Services.PromotionFileManagement.csproj", "{DDA4FAC4-027B-47F5-B29F-F91888BCF25B}"
EndProject
Project("{9A19103F-16F7-4668-BE54-9A1E7A4F7556}") = "MOSTComputers.Services.TransactionalFileManagement", "MOSTComputers.Services.TransactionalFileManagement\MOSTComputers.Services.TransactionalFileManagement.csproj", "{E0A08F55-7124-411F-89D2-67F0B24843AA}"
EndProject
Project("{9A19103F-16F7-4668-BE54-9A1E7A4F7556}") = "MOSTComputers.Tests.Integration.Common", "MOSTComputers.Tests.Integration.Common\MOSTComputers.Tests.Integration.Common.csproj", "{3CF4002F-A53D-480C-9CC1-F86C753991ED}"
EndProject
Project("{9A19103F-16F7-4668-BE54-9A1E7A4F7556}") = "MOSTComputers.Utils.Files", "MOSTComputers.Utils.FileContentType\MOSTComputers.Utils.Files.csproj", "{1E21B005-6C7A-4960-BECE-7139C0FED7C6}"
EndProject
Project("{9A19103F-16F7-4668-BE54-9A1E7A4F7556}") = "MOSTComputers.Utils.OneOf", "MOSTComputers.Utils.OneOf\MOSTComputers.Utils.OneOf.csproj", "{CAF8239D-F1DF-4B5A-9078-FC426B28096B}"
EndProject
Project("{2150E333-8FDC-42A3-9474-1A3956D46DE8}") = "src", "src", "{D06C77A6-8E06-4D43-A3B9-147E73E3AA35}"
EndProject
Project("{2150E333-8FDC-42A3-9474-1A3956D46DE8}") = "tests", "tests", "{CE972FB2-4599-4671-ABCF-8B389C3A4D25}"
EndProject
Project("{FAE04EC0-301F-11D3-BF4B-00C04F79EFBC}") = "MOSTComputers.UI.Web.Blazor", "MOSTComputers.UI.Web.Blazor\MOSTComputers.UI.Web.Blazor\MOSTComputers.UI.Web.Blazor.csproj", "{142B8051-E839-4189-9D78-451C68FE3901}"
EndProject
Project("{FAE04EC0-301F-11D3-BF4B-00C04F79EFBC}") = "MOSTComputers.UI.Web.Blazor.Client", "MOSTComputers.UI.Web.Blazor\MOSTComputers.UI.Web.Blazor.Client\MOSTComputers.UI.Web.Blazor.Client.csproj", "{AD406369-F2C3-4A35-8D23-54A9BD785C88}"
EndProject
Project("{FAE04EC0-301F-11D3-BF4B-00C04F79EFBC}") = "MOSTComputers.Services.Currencies", "MOSTComputers.Services.Currencies\MOSTComputers.Services.Currencies.csproj", "{6DB5D3E2-F0DE-42FC-B157-675FE0DB1EF3}"
EndProject
Global
	GlobalSection(SolutionConfigurationPlatforms) = preSolution
		Debug|Any CPU = Debug|Any CPU
		Release|Any CPU = Release|Any CPU
	EndGlobalSection
	GlobalSection(ProjectConfigurationPlatforms) = postSolution
		{F06439F0-8312-46EF-8F5B-232640197E72}.Debug|Any CPU.ActiveCfg = Debug|Any CPU
		{F06439F0-8312-46EF-8F5B-232640197E72}.Debug|Any CPU.Build.0 = Debug|Any CPU
		{F06439F0-8312-46EF-8F5B-232640197E72}.Release|Any CPU.ActiveCfg = Release|Any CPU
		{F06439F0-8312-46EF-8F5B-232640197E72}.Release|Any CPU.Build.0 = Release|Any CPU
		{84999F4D-1DEA-417B-8029-F1737935E465}.Debug|Any CPU.ActiveCfg = Debug|Any CPU
		{84999F4D-1DEA-417B-8029-F1737935E465}.Debug|Any CPU.Build.0 = Debug|Any CPU
		{84999F4D-1DEA-417B-8029-F1737935E465}.Release|Any CPU.ActiveCfg = Release|Any CPU
		{84999F4D-1DEA-417B-8029-F1737935E465}.Release|Any CPU.Build.0 = Release|Any CPU
		{322F508C-B4B0-4457-B4A7-B597D27C3276}.Debug|Any CPU.ActiveCfg = Debug|Any CPU
		{322F508C-B4B0-4457-B4A7-B597D27C3276}.Debug|Any CPU.Build.0 = Debug|Any CPU
		{322F508C-B4B0-4457-B4A7-B597D27C3276}.Release|Any CPU.ActiveCfg = Release|Any CPU
		{322F508C-B4B0-4457-B4A7-B597D27C3276}.Release|Any CPU.Build.0 = Release|Any CPU
		{27372423-A2E3-4612-AC75-567ECEC457D5}.Debug|Any CPU.ActiveCfg = Debug|Any CPU
		{27372423-A2E3-4612-AC75-567ECEC457D5}.Debug|Any CPU.Build.0 = Debug|Any CPU
		{27372423-A2E3-4612-AC75-567ECEC457D5}.Release|Any CPU.ActiveCfg = Release|Any CPU
		{27372423-A2E3-4612-AC75-567ECEC457D5}.Release|Any CPU.Build.0 = Release|Any CPU
		{204C380E-89D5-4F55-8EA2-3BE2546F5ECC}.Debug|Any CPU.ActiveCfg = Debug|Any CPU
		{204C380E-89D5-4F55-8EA2-3BE2546F5ECC}.Debug|Any CPU.Build.0 = Debug|Any CPU
		{204C380E-89D5-4F55-8EA2-3BE2546F5ECC}.Release|Any CPU.ActiveCfg = Release|Any CPU
		{204C380E-89D5-4F55-8EA2-3BE2546F5ECC}.Release|Any CPU.Build.0 = Release|Any CPU
		{33604BA3-1A24-49A3-AD99-EF2FA0FC974D}.Debug|Any CPU.ActiveCfg = Debug|Any CPU
		{33604BA3-1A24-49A3-AD99-EF2FA0FC974D}.Debug|Any CPU.Build.0 = Debug|Any CPU
		{33604BA3-1A24-49A3-AD99-EF2FA0FC974D}.Release|Any CPU.ActiveCfg = Release|Any CPU
		{33604BA3-1A24-49A3-AD99-EF2FA0FC974D}.Release|Any CPU.Build.0 = Release|Any CPU
		{F4AFD069-CA56-4F6D-B3A0-E1E06A4BFE1E}.Debug|Any CPU.ActiveCfg = Debug|Any CPU
		{F4AFD069-CA56-4F6D-B3A0-E1E06A4BFE1E}.Debug|Any CPU.Build.0 = Debug|Any CPU
		{F4AFD069-CA56-4F6D-B3A0-E1E06A4BFE1E}.Release|Any CPU.ActiveCfg = Release|Any CPU
		{F4AFD069-CA56-4F6D-B3A0-E1E06A4BFE1E}.Release|Any CPU.Build.0 = Release|Any CPU
		{44C81342-38B5-4640-93C3-7DBABE2C0C64}.Debug|Any CPU.ActiveCfg = Debug|Any CPU
		{44C81342-38B5-4640-93C3-7DBABE2C0C64}.Debug|Any CPU.Build.0 = Debug|Any CPU
		{44C81342-38B5-4640-93C3-7DBABE2C0C64}.Release|Any CPU.ActiveCfg = Release|Any CPU
		{44C81342-38B5-4640-93C3-7DBABE2C0C64}.Release|Any CPU.Build.0 = Release|Any CPU
		{1C4017A8-6A57-45FC-B19F-24C1297DA421}.Debug|Any CPU.ActiveCfg = Debug|Any CPU
		{1C4017A8-6A57-45FC-B19F-24C1297DA421}.Debug|Any CPU.Build.0 = Debug|Any CPU
		{1C4017A8-6A57-45FC-B19F-24C1297DA421}.Release|Any CPU.ActiveCfg = Release|Any CPU
		{1C4017A8-6A57-45FC-B19F-24C1297DA421}.Release|Any CPU.Build.0 = Release|Any CPU
		{678C6B23-C344-43D6-A78B-6D3F317B59AD}.Debug|Any CPU.ActiveCfg = Debug|Any CPU
		{678C6B23-C344-43D6-A78B-6D3F317B59AD}.Debug|Any CPU.Build.0 = Debug|Any CPU
		{678C6B23-C344-43D6-A78B-6D3F317B59AD}.Release|Any CPU.ActiveCfg = Release|Any CPU
		{678C6B23-C344-43D6-A78B-6D3F317B59AD}.Release|Any CPU.Build.0 = Release|Any CPU
		{9A717C09-14BE-4DB0-AB6A-A2BE7A0590CA}.Debug|Any CPU.ActiveCfg = Debug|Any CPU
		{9A717C09-14BE-4DB0-AB6A-A2BE7A0590CA}.Debug|Any CPU.Build.0 = Debug|Any CPU
		{9A717C09-14BE-4DB0-AB6A-A2BE7A0590CA}.Release|Any CPU.ActiveCfg = Release|Any CPU
		{9A717C09-14BE-4DB0-AB6A-A2BE7A0590CA}.Release|Any CPU.Build.0 = Release|Any CPU
		{917732A0-E7BB-4480-8CA7-F57B3BEE01F9}.Debug|Any CPU.ActiveCfg = Debug|Any CPU
		{917732A0-E7BB-4480-8CA7-F57B3BEE01F9}.Debug|Any CPU.Build.0 = Debug|Any CPU
		{917732A0-E7BB-4480-8CA7-F57B3BEE01F9}.Release|Any CPU.ActiveCfg = Release|Any CPU
		{917732A0-E7BB-4480-8CA7-F57B3BEE01F9}.Release|Any CPU.Build.0 = Release|Any CPU
		{6E1893CB-C948-4CD3-91F2-6053B44ADE8B}.Debug|Any CPU.ActiveCfg = Debug|Any CPU
		{6E1893CB-C948-4CD3-91F2-6053B44ADE8B}.Debug|Any CPU.Build.0 = Debug|Any CPU
		{6E1893CB-C948-4CD3-91F2-6053B44ADE8B}.Release|Any CPU.ActiveCfg = Release|Any CPU
		{6E1893CB-C948-4CD3-91F2-6053B44ADE8B}.Release|Any CPU.Build.0 = Release|Any CPU
		{1E08174D-4BF5-4A97-AF1C-4ABD2FF34D19}.Debug|Any CPU.ActiveCfg = Debug|Any CPU
		{1E08174D-4BF5-4A97-AF1C-4ABD2FF34D19}.Debug|Any CPU.Build.0 = Debug|Any CPU
		{1E08174D-4BF5-4A97-AF1C-4ABD2FF34D19}.Release|Any CPU.ActiveCfg = Release|Any CPU
		{1E08174D-4BF5-4A97-AF1C-4ABD2FF34D19}.Release|Any CPU.Build.0 = Release|Any CPU
		{AD16B6A3-14A0-488D-9CE2-91DD37B7FA53}.Debug|Any CPU.ActiveCfg = Debug|Any CPU
		{AD16B6A3-14A0-488D-9CE2-91DD37B7FA53}.Debug|Any CPU.Build.0 = Debug|Any CPU
		{AD16B6A3-14A0-488D-9CE2-91DD37B7FA53}.Release|Any CPU.ActiveCfg = Release|Any CPU
		{AD16B6A3-14A0-488D-9CE2-91DD37B7FA53}.Release|Any CPU.Build.0 = Release|Any CPU
		{DDA4FAC4-027B-47F5-B29F-F91888BCF25B}.Debug|Any CPU.ActiveCfg = Debug|Any CPU
		{DDA4FAC4-027B-47F5-B29F-F91888BCF25B}.Debug|Any CPU.Build.0 = Debug|Any CPU
		{DDA4FAC4-027B-47F5-B29F-F91888BCF25B}.Release|Any CPU.ActiveCfg = Release|Any CPU
		{DDA4FAC4-027B-47F5-B29F-F91888BCF25B}.Release|Any CPU.Build.0 = Release|Any CPU
		{E0A08F55-7124-411F-89D2-67F0B24843AA}.Debug|Any CPU.ActiveCfg = Debug|Any CPU
		{E0A08F55-7124-411F-89D2-67F0B24843AA}.Debug|Any CPU.Build.0 = Debug|Any CPU
		{E0A08F55-7124-411F-89D2-67F0B24843AA}.Release|Any CPU.ActiveCfg = Release|Any CPU
		{E0A08F55-7124-411F-89D2-67F0B24843AA}.Release|Any CPU.Build.0 = Release|Any CPU
		{3CF4002F-A53D-480C-9CC1-F86C753991ED}.Debug|Any CPU.ActiveCfg = Debug|Any CPU
		{3CF4002F-A53D-480C-9CC1-F86C753991ED}.Debug|Any CPU.Build.0 = Debug|Any CPU
		{3CF4002F-A53D-480C-9CC1-F86C753991ED}.Release|Any CPU.ActiveCfg = Release|Any CPU
		{3CF4002F-A53D-480C-9CC1-F86C753991ED}.Release|Any CPU.Build.0 = Release|Any CPU
		{1E21B005-6C7A-4960-BECE-7139C0FED7C6}.Debug|Any CPU.ActiveCfg = Debug|Any CPU
		{1E21B005-6C7A-4960-BECE-7139C0FED7C6}.Debug|Any CPU.Build.0 = Debug|Any CPU
		{1E21B005-6C7A-4960-BECE-7139C0FED7C6}.Release|Any CPU.ActiveCfg = Release|Any CPU
		{1E21B005-6C7A-4960-BECE-7139C0FED7C6}.Release|Any CPU.Build.0 = Release|Any CPU
		{CAF8239D-F1DF-4B5A-9078-FC426B28096B}.Debug|Any CPU.ActiveCfg = Debug|Any CPU
		{CAF8239D-F1DF-4B5A-9078-FC426B28096B}.Debug|Any CPU.Build.0 = Debug|Any CPU
		{CAF8239D-F1DF-4B5A-9078-FC426B28096B}.Release|Any CPU.ActiveCfg = Release|Any CPU
		{CAF8239D-F1DF-4B5A-9078-FC426B28096B}.Release|Any CPU.Build.0 = Release|Any CPU
		{142B8051-E839-4189-9D78-451C68FE3901}.Debug|Any CPU.ActiveCfg = Debug|Any CPU
		{142B8051-E839-4189-9D78-451C68FE3901}.Debug|Any CPU.Build.0 = Debug|Any CPU
		{142B8051-E839-4189-9D78-451C68FE3901}.Release|Any CPU.ActiveCfg = Release|Any CPU
		{142B8051-E839-4189-9D78-451C68FE3901}.Release|Any CPU.Build.0 = Release|Any CPU
		{AD406369-F2C3-4A35-8D23-54A9BD785C88}.Debug|Any CPU.ActiveCfg = Debug|Any CPU
		{AD406369-F2C3-4A35-8D23-54A9BD785C88}.Debug|Any CPU.Build.0 = Debug|Any CPU
		{AD406369-F2C3-4A35-8D23-54A9BD785C88}.Release|Any CPU.ActiveCfg = Release|Any CPU
		{AD406369-F2C3-4A35-8D23-54A9BD785C88}.Release|Any CPU.Build.0 = Release|Any CPU
		{6DB5D3E2-F0DE-42FC-B157-675FE0DB1EF3}.Debug|Any CPU.ActiveCfg = Debug|Any CPU
		{6DB5D3E2-F0DE-42FC-B157-675FE0DB1EF3}.Debug|Any CPU.Build.0 = Debug|Any CPU
		{6DB5D3E2-F0DE-42FC-B157-675FE0DB1EF3}.Release|Any CPU.ActiveCfg = Release|Any CPU
		{6DB5D3E2-F0DE-42FC-B157-675FE0DB1EF3}.Release|Any CPU.Build.0 = Release|Any CPU
	EndGlobalSection
	GlobalSection(SolutionProperties) = preSolution
		HideSolutionNode = FALSE
	EndGlobalSection
	GlobalSection(NestedProjects) = preSolution
		{F06439F0-8312-46EF-8F5B-232640197E72} = {D06C77A6-8E06-4D43-A3B9-147E73E3AA35}
		{84999F4D-1DEA-417B-8029-F1737935E465} = {D06C77A6-8E06-4D43-A3B9-147E73E3AA35}
		{322F508C-B4B0-4457-B4A7-B597D27C3276} = {D06C77A6-8E06-4D43-A3B9-147E73E3AA35}
		{27372423-A2E3-4612-AC75-567ECEC457D5} = {D06C77A6-8E06-4D43-A3B9-147E73E3AA35}
		{204C380E-89D5-4F55-8EA2-3BE2546F5ECC} = {D06C77A6-8E06-4D43-A3B9-147E73E3AA35}
		{33604BA3-1A24-49A3-AD99-EF2FA0FC974D} = {D06C77A6-8E06-4D43-A3B9-147E73E3AA35}
		{F4AFD069-CA56-4F6D-B3A0-E1E06A4BFE1E} = {D06C77A6-8E06-4D43-A3B9-147E73E3AA35}
		{44C81342-38B5-4640-93C3-7DBABE2C0C64} = {D06C77A6-8E06-4D43-A3B9-147E73E3AA35}
		{1C4017A8-6A57-45FC-B19F-24C1297DA421} = {D06C77A6-8E06-4D43-A3B9-147E73E3AA35}
		{678C6B23-C344-43D6-A78B-6D3F317B59AD} = {CE972FB2-4599-4671-ABCF-8B389C3A4D25}
		{9A717C09-14BE-4DB0-AB6A-A2BE7A0590CA} = {D06C77A6-8E06-4D43-A3B9-147E73E3AA35}
		{917732A0-E7BB-4480-8CA7-F57B3BEE01F9} = {D06C77A6-8E06-4D43-A3B9-147E73E3AA35}
		{6E1893CB-C948-4CD3-91F2-6053B44ADE8B} = {D06C77A6-8E06-4D43-A3B9-147E73E3AA35}
		{1E08174D-4BF5-4A97-AF1C-4ABD2FF34D19} = {D06C77A6-8E06-4D43-A3B9-147E73E3AA35}
		{AD16B6A3-14A0-488D-9CE2-91DD37B7FA53} = {CE972FB2-4599-4671-ABCF-8B389C3A4D25}
		{DDA4FAC4-027B-47F5-B29F-F91888BCF25B} = {D06C77A6-8E06-4D43-A3B9-147E73E3AA35}
		{E0A08F55-7124-411F-89D2-67F0B24843AA} = {D06C77A6-8E06-4D43-A3B9-147E73E3AA35}
		{3CF4002F-A53D-480C-9CC1-F86C753991ED} = {CE972FB2-4599-4671-ABCF-8B389C3A4D25}
		{1E21B005-6C7A-4960-BECE-7139C0FED7C6} = {D06C77A6-8E06-4D43-A3B9-147E73E3AA35}
		{CAF8239D-F1DF-4B5A-9078-FC426B28096B} = {D06C77A6-8E06-4D43-A3B9-147E73E3AA35}
		{142B8051-E839-4189-9D78-451C68FE3901} = {D06C77A6-8E06-4D43-A3B9-147E73E3AA35}
		{AD406369-F2C3-4A35-8D23-54A9BD785C88} = {D06C77A6-8E06-4D43-A3B9-147E73E3AA35}
		{6DB5D3E2-F0DE-42FC-B157-675FE0DB1EF3} = {D06C77A6-8E06-4D43-A3B9-147E73E3AA35}
	EndGlobalSection
	GlobalSection(ExtensibilityGlobals) = postSolution
		SolutionGuid = {2963B041-8A27-49C8-8BC8-A5907E8168D8}
	EndGlobalSection
EndGlobal
